
Microsoft Visual Studio Solution File, Format Version 12.00
# Visual Studio 15
VisualStudioVersion = 15.0.28307.168
MinimumVisualStudioVersion = 10.0.40219.1
Project("{FAE04EC0-301F-11D3-BF4B-00C04F79EFBC}") = "EmailBrowser", "EmailBrowser\EmailBrowser.csproj", "{5507312E-9147-4D05-BE46-3A2202FB38C0}"
EndProject
Global
	GlobalSection(SolutionConfigurationPlatforms) = preSolution
		Debug|Any CPU = Debug|Any CPU
		Release|Any CPU = Release|Any CPU
	EndGlobalSection
	GlobalSection(ProjectConfigurationPlatforms) = postSolution
		{5507312E-9147-4D05-BE46-3A2202FB38C0}.Debug|Any CPU.ActiveCfg = Debug|Any CPU
		{5507312E-9147-4D05-BE46-3A2202FB38C0}.Debug|Any CPU.Build.0 = Debug|Any CPU
		{5507312E-9147-4D05-BE46-3A2202FB38C0}.Release|Any CPU.ActiveCfg = Release|Any CPU
		{5507312E-9147-4D05-BE46-3A2202FB38C0}.Release|Any CPU.Build.0 = Release|Any CPU
	EndGlobalSection
	GlobalSection(SolutionProperties) = preSolution
		HideSolutionNode = FALSE
	EndGlobalSection
	GlobalSection(ExtensibilityGlobals) = postSolution
		SolutionGuid = {CC6C79A9-9A16-4E33-AE53-E197630C3811}
	EndGlobalSection
EndGlobal
